
Microsoft Visual Studio Solution File, Format Version 12.00
# Visual Studio Version 17
VisualStudioVersion = 17.2.32414.248
MinimumVisualStudioVersion = 10.0.40219.1
Project("{FAE04EC0-301F-11D3-BF4B-00C04F79EFBC}") = "FranklinP8", "FranklinP8.csproj", "{AF31AF7C-D18B-4140-9701-DE1AEB81039D}"
EndProject
Global
	GlobalSection(SolutionConfigurationPlatforms) = preSolution
		Debug|Any CPU = Debug|Any CPU
		Release|Any CPU = Release|Any CPU
	EndGlobalSection
	GlobalSection(ProjectConfigurationPlatforms) = postSolution
		{AF31AF7C-D18B-4140-9701-DE1AEB81039D}.Debug|Any CPU.ActiveCfg = Debug|Any CPU
		{AF31AF7C-D18B-4140-9701-DE1AEB81039D}.Debug|Any CPU.Build.0 = Debug|Any CPU
		{AF31AF7C-D18B-4140-9701-DE1AEB81039D}.Release|Any CPU.ActiveCfg = Release|Any CPU
		{AF31AF7C-D18B-4140-9701-DE1AEB81039D}.Release|Any CPU.Build.0 = Release|Any CPU
	EndGlobalSection
	GlobalSection(SolutionProperties) = preSolution
		HideSolutionNode = FALSE
	EndGlobalSection
	GlobalSection(ExtensibilityGlobals) = postSolution
		SolutionGuid = {F4FC8BD8-5E88-43E6-8766-F90A68742F83}
	EndGlobalSection
EndGlobal
